{
  "requires": true,
  "lockfileVersion": 1,
  "dependencies": {
    "ngx-google-analytics": {
      "version": "11.1.0",
      "resolved": "https://registry.npmjs.org/ngx-google-analytics/-/ngx-google-analytics-11.1.0.tgz",
      "integrity": "sha512-S60dMrCK4V7X/NDKeeaLahssv9ZAQmxZJJJtd2HZGHtzFyn8xoTcuNi3SBQkWbiYv7dlEuQSWIXk++ZvyUJIVQ==",
      "requires": {
        "tslib": "^2.0.0"
      }
    },
    "tslib": {
      "version": "2.1.0",
      "resolved": "https://registry.npmjs.org/tslib/-/tslib-2.1.0.tgz",
      "integrity": "sha512-hcVC3wYEziELGGmEEXue7D75zbwIIVUMWAVbHItGPx0ziyXxrOMQx4rQEVEV45Ut/1IotuEvwqPopzIOkDMf0A=="
    }
  }
}
